
Microsoft Visual Studio Solution File, Format Version 12.00
# Visual Studio 15
VisualStudioVersion = 15.0.27428.2015
MinimumVisualStudioVersion = 10.0.40219.1
Project("{FAE04EC0-301F-11D3-BF4B-00C04F79EFBC}") = "Cosmonaut", "Cosmonaut\Cosmonaut.csproj", "{70D43CE3-CCB1-41C4-AF30-EF67E29D87F9}"
EndProject
Project("{FAE04EC0-301F-11D3-BF4B-00C04F79EFBC}") = "Cosmonaut.Console", "Cosmonaut.Console\Cosmonaut.Console.csproj", "{6E770C8F-3D14-4527-B713-C3845BA507DE}"
EndProject
Project("{FAE04EC0-301F-11D3-BF4B-00C04F79EFBC}") = "Cosmonaut.Models", "Cosmonaut.Models\Cosmonaut.Models.csproj", "{0B5A8CF8-7F13-44FB-8E64-97061DC74076}"
EndProject
Global
	GlobalSection(SolutionConfigurationPlatforms) = preSolution
		Debug|Any CPU = Debug|Any CPU
		Release|Any CPU = Release|Any CPU
	EndGlobalSection
	GlobalSection(ProjectConfigurationPlatforms) = postSolution
		{70D43CE3-CCB1-41C4-AF30-EF67E29D87F9}.Debug|Any CPU.ActiveCfg = Debug|Any CPU
		{70D43CE3-CCB1-41C4-AF30-EF67E29D87F9}.Debug|Any CPU.Build.0 = Debug|Any CPU
		{70D43CE3-CCB1-41C4-AF30-EF67E29D87F9}.Release|Any CPU.ActiveCfg = Release|Any CPU
		{70D43CE3-CCB1-41C4-AF30-EF67E29D87F9}.Release|Any CPU.Build.0 = Release|Any CPU
		{6E770C8F-3D14-4527-B713-C3845BA507DE}.Debug|Any CPU.ActiveCfg = Debug|Any CPU
		{6E770C8F-3D14-4527-B713-C3845BA507DE}.Debug|Any CPU.Build.0 = Debug|Any CPU
		{6E770C8F-3D14-4527-B713-C3845BA507DE}.Release|Any CPU.ActiveCfg = Release|Any CPU
		{6E770C8F-3D14-4527-B713-C3845BA507DE}.Release|Any CPU.Build.0 = Release|Any CPU
		{0B5A8CF8-7F13-44FB-8E64-97061DC74076}.Debug|Any CPU.ActiveCfg = Debug|Any CPU
		{0B5A8CF8-7F13-44FB-8E64-97061DC74076}.Debug|Any CPU.Build.0 = Debug|Any CPU
		{0B5A8CF8-7F13-44FB-8E64-97061DC74076}.Release|Any CPU.ActiveCfg = Release|Any CPU
		{0B5A8CF8-7F13-44FB-8E64-97061DC74076}.Release|Any CPU.Build.0 = Release|Any CPU
	EndGlobalSection
	GlobalSection(SolutionProperties) = preSolution
		HideSolutionNode = FALSE
	EndGlobalSection
	GlobalSection(ExtensibilityGlobals) = postSolution
		SolutionGuid = {CBCF8635-B781-4296-9756-2D461FD0AE27}
	EndGlobalSection
EndGlobal
